
Microsoft Visual Studio Solution File, Format Version 12.00
# Visual Studio Version 17
VisualStudioVersion = 17.0.32014.148
MinimumVisualStudioVersion = 10.0.40219.1
Project("{FAE04EC0-301F-11D3-BF4B-00C04F79EFBC}") = "BookStore", "BookStore\BookStore.csproj", "{30A8C790-D127-4124-B39B-34082E2A515F}"
EndProject
Global
	GlobalSection(SolutionConfigurationPlatforms) = preSolution
		Debug|Any CPU = Debug|Any CPU
		Release|Any CPU = Release|Any CPU
	EndGlobalSection
	GlobalSection(ProjectConfigurationPlatforms) = postSolution
		{30A8C790-D127-4124-B39B-34082E2A515F}.Debug|Any CPU.ActiveCfg = Debug|Any CPU
		{30A8C790-D127-4124-B39B-34082E2A515F}.Debug|Any CPU.Build.0 = Debug|Any CPU
		{30A8C790-D127-4124-B39B-34082E2A515F}.Release|Any CPU.ActiveCfg = Release|Any CPU
		{30A8C790-D127-4124-B39B-34082E2A515F}.Release|Any CPU.Build.0 = Release|Any CPU
	EndGlobalSection
	GlobalSection(SolutionProperties) = preSolution
		HideSolutionNode = FALSE
	EndGlobalSection
	GlobalSection(ExtensibilityGlobals) = postSolution
		SolutionGuid = {87E81277-635E-4820-9A3E-BC8787E84E0D}
	EndGlobalSection
EndGlobal
